// !$*UTF8*$!
{
	archiveVersion = 1;
	classes = {
	};
	objectVersion = 51;
	objects = {

/* Begin PBXBuildFile section */
		068FBF2525EA96260082A43B /* AppDelegate.swift in Sources */ = {isa = PBXBuildFile; fileRef = 068FBF2425EA96260082A43B /* AppDelegate.swift */; };
		068FBF2725EA96260082A43B /* SceneDelegate.swift in Sources */ = {isa = PBXBuildFile; fileRef = 068FBF2625EA96260082A43B /* SceneDelegate.swift */; };
		068FBF2E25EA96280082A43B /* Assets.xcassets in Resources */ = {isa = PBXBuildFile; fileRef = 068FBF2D25EA96280082A43B /* Assets.xcassets */; };
		068FBF3125EA96280082A43B /* LaunchScreen.storyboard in Resources */ = {isa = PBXBuildFile; fileRef = 068FBF2F25EA96280082A43B /* LaunchScreen.storyboard */; };
		068FBF3C25EA96290082A43B /* WeatherForecastTests.swift in Sources */ = {isa = PBXBuildFile; fileRef = 068FBF3B25EA96290082A43B /* WeatherForecastTests.swift */; };
		068FBF4725EA96290082A43B /* WeatherForecastUITests.swift in Sources */ = {isa = PBXBuildFile; fileRef = 068FBF4625EA96290082A43B /* WeatherForecastUITests.swift */; };
		068FBF6425EA9BD20082A43B /* WeatherForecastListViewController.swift in Sources */ = {isa = PBXBuildFile; fileRef = 068FBF6225EA9BD20082A43B /* WeatherForecastListViewController.swift */; };
		068FBF6525EA9BD20082A43B /* WeatherForecastListViewController.xib in Resources */ = {isa = PBXBuildFile; fileRef = 068FBF6325EA9BD20082A43B /* WeatherForecastListViewController.xib */; };
		068FBF7A25EAAB4B0082A43B /* WeatherForecastCell.swift in Sources */ = {isa = PBXBuildFile; fileRef = 068FBF7825EAAB4B0082A43B /* WeatherForecastCell.swift */; };
		068FBF7B25EAAB4B0082A43B /* WeatherForecastCell.xib in Resources */ = {isa = PBXBuildFile; fileRef = 068FBF7925EAAB4B0082A43B /* WeatherForecastCell.xib */; };
		068FBF8025EAB2000082A43B /* WeatherForecastViewModel.swift in Sources */ = {isa = PBXBuildFile; fileRef = 068FBF7F25EAB2000082A43B /* WeatherForecastViewModel.swift */; };
		068FBF9125EB9D910082A43B /* OpenWeatherMapService.swift in Sources */ = {isa = PBXBuildFile; fileRef = 068FBF9025EB9D910082A43B /* OpenWeatherMapService.swift */; };
		068FBF9B25EC01A30082A43B /* DailyForecastList.swift in Sources */ = {isa = PBXBuildFile; fileRef = 068FBF9A25EC01A30082A43B /* DailyForecastList.swift */; };
		068FBFA325EC01B50082A43B /* DailyForecastItem.swift in Sources */ = {isa = PBXBuildFile; fileRef = 068FBFA225EC01B50082A43B /* DailyForecastItem.swift */; };
		068FBFA825EC01C60082A43B /* Weather.swift in Sources */ = {isa = PBXBuildFile; fileRef = 068FBFA725EC01C60082A43B /* Weather.swift */; };
		068FBFAD25EC01D20082A43B /* Temperature.swift in Sources */ = {isa = PBXBuildFile; fileRef = 068FBFAC25EC01D20082A43B /* Temperature.swift */; };
		068FBFBE25ED2EFF0082A43B /* WeatherForecastListViewModel.swift in Sources */ = {isa = PBXBuildFile; fileRef = 068FBFBD25ED2EFF0082A43B /* WeatherForecastListViewModel.swift */; };
		068FBFCA25ED47450082A43B /* WeatherForecastListViewModelTests.swift in Sources */ = {isa = PBXBuildFile; fileRef = 068FBFC925ED47450082A43B /* WeatherForecastListViewModelTests.swift */; };
		068FBFE425ED4A250082A43B /* MockOpenWeatherMapService.swift in Sources */ = {isa = PBXBuildFile; fileRef = 068FBFE325ED4A250082A43B /* MockOpenWeatherMapService.swift */; };
		51EF560F7E4262F6EE514C20 /* Pods_WeatherForecast.framework in Frameworks */ = {isa = PBXBuildFile; fileRef = 67E1FB5212D3462E4E0DA506 /* Pods_WeatherForecast.framework */; };
		E9153F8E02677659913ED593 /* Pods_WeatherForecastTests.framework in Frameworks */ = {isa = PBXBuildFile; fileRef = E5F82E90B4266CCBC2C2A5D0 /* Pods_WeatherForecastTests.framework */; };
		EFCEAB22214A9362FFFBB7CF /* Pods_WeatherForecast_WeatherForecastUITests.framework in Frameworks */ = {isa = PBXBuildFile; fileRef = A4630FD36584C66B9AD99B3D /* Pods_WeatherForecast_WeatherForecastUITests.framework */; };
/* End PBXBuildFile section */

/* Begin PBXContainerItemProxy section */
		068FBF3825EA96290082A43B /* PBXContainerItemProxy */ = {
			isa = PBXContainerItemProxy;
			containerPortal = 068FBF1925EA96260082A43B /* Project object */;
			proxyType = 1;
			remoteGlobalIDString = 068FBF2025EA96260082A43B;
			remoteInfo = WeatherForecast;
		};
		068FBF4325EA96290082A43B /* PBXContainerItemProxy */ = {
			isa = PBXContainerItemProxy;
			containerPortal = 068FBF1925EA96260082A43B /* Project object */;
			proxyType = 1;
			remoteGlobalIDString = 068FBF2025EA96260082A43B;
			remoteInfo = WeatherForecast;
		};
/* End PBXContainerItemProxy section */

/* Begin PBXFileReference section */
		068FBF2125EA96260082A43B /* WeatherForecast.app */ = {isa = PBXFileReference; explicitFileType = wrapper.application; includeInIndex = 0; path = WeatherForecast.app; sourceTree = BUILT_PRODUCTS_DIR; };
		068FBF2425EA96260082A43B /* AppDelegate.swift */ = {isa = PBXFileReference; lastKnownFileType = sourcecode.swift; path = AppDelegate.swift; sourceTree = "<group>"; };
		068FBF2625EA96260082A43B /* SceneDelegate.swift */ = {isa = PBXFileReference; lastKnownFileType = sourcecode.swift; path = SceneDelegate.swift; sourceTree = "<group>"; };
		068FBF2D25EA96280082A43B /* Assets.xcassets */ = {isa = PBXFileReference; lastKnownFileType = folder.assetcatalog; path = Assets.xcassets; sourceTree = "<group>"; };
		068FBF3025EA96280082A43B /* Base */ = {isa = PBXFileReference; lastKnownFileType = file.storyboard; name = Base; path = Base.lproj/LaunchScreen.storyboard; sourceTree = "<group>"; };
		068FBF3225EA96280082A43B /* Info.plist */ = {isa = PBXFileReference; lastKnownFileType = text.plist.xml; path = Info.plist; sourceTree = "<group>"; };
		068FBF3725EA96290082A43B /* WeatherForecastTests.xctest */ = {isa = PBXFileReference; explicitFileType = wrapper.cfbundle; includeInIndex = 0; path = WeatherForecastTests.xctest; sourceTree = BUILT_PRODUCTS_DIR; };
		068FBF3B25EA96290082A43B /* WeatherForecastTests.swift */ = {isa = PBXFileReference; lastKnownFileType = sourcecode.swift; path = WeatherForecastTests.swift; sourceTree = "<group>"; };
		068FBF3D25EA96290082A43B /* Info.plist */ = {isa = PBXFileReference; lastKnownFileType = text.plist.xml; path = Info.plist; sourceTree = "<group>"; };
		068FBF4225EA96290082A43B /* WeatherForecastUITests.xctest */ = {isa = PBXFileReference; explicitFileType = wrapper.cfbundle; includeInIndex = 0; path = WeatherForecastUITests.xctest; sourceTree = BUILT_PRODUCTS_DIR; };
		068FBF4625EA96290082A43B /* WeatherForecastUITests.swift */ = {isa = PBXFileReference; lastKnownFileType = sourcecode.swift; path = WeatherForecastUITests.swift; sourceTree = "<group>"; };
		068FBF4825EA96290082A43B /* Info.plist */ = {isa = PBXFileReference; lastKnownFileType = text.plist.xml; path = Info.plist; sourceTree = "<group>"; };
		068FBF6225EA9BD20082A43B /* WeatherForecastListViewController.swift */ = {isa = PBXFileReference; lastKnownFileType = sourcecode.swift; path = WeatherForecastListViewController.swift; sourceTree = "<group>"; };
		068FBF6325EA9BD20082A43B /* WeatherForecastListViewController.xib */ = {isa = PBXFileReference; lastKnownFileType = file.xib; path = WeatherForecastListViewController.xib; sourceTree = "<group>"; };
		068FBF7825EAAB4B0082A43B /* WeatherForecastCell.swift */ = {isa = PBXFileReference; lastKnownFileType = sourcecode.swift; path = WeatherForecastCell.swift; sourceTree = "<group>"; };
		068FBF7925EAAB4B0082A43B /* WeatherForecastCell.xib */ = {isa = PBXFileReference; lastKnownFileType = file.xib; path = WeatherForecastCell.xib; sourceTree = "<group>"; };
		068FBF7F25EAB2000082A43B /* WeatherForecastViewModel.swift */ = {isa = PBXFileReference; lastKnownFileType = sourcecode.swift; path = WeatherForecastViewModel.swift; sourceTree = "<group>"; };
		068FBF9025EB9D910082A43B /* OpenWeatherMapService.swift */ = {isa = PBXFileReference; lastKnownFileType = sourcecode.swift; path = OpenWeatherMapService.swift; sourceTree = "<group>"; };
		068FBF9A25EC01A30082A43B /* DailyForecastList.swift */ = {isa = PBXFileReference; lastKnownFileType = sourcecode.swift; path = DailyForecastList.swift; sourceTree = "<group>"; };
		068FBFA225EC01B50082A43B /* DailyForecastItem.swift */ = {isa = PBXFileReference; lastKnownFileType = sourcecode.swift; path = DailyForecastItem.swift; sourceTree = "<group>"; };
		068FBFA725EC01C60082A43B /* Weather.swift */ = {isa = PBXFileReference; lastKnownFileType = sourcecode.swift; path = Weather.swift; sourceTree = "<group>"; };
		068FBFAC25EC01D20082A43B /* Temperature.swift */ = {isa = PBXFileReference; lastKnownFileType = sourcecode.swift; path = Temperature.swift; sourceTree = "<group>"; };
		068FBFBD25ED2EFF0082A43B /* WeatherForecastListViewModel.swift */ = {isa = PBXFileReference; lastKnownFileType = sourcecode.swift; path = WeatherForecastListViewModel.swift; sourceTree = "<group>"; };
		068FBFC925ED47450082A43B /* WeatherForecastListViewModelTests.swift */ = {isa = PBXFileReference; lastKnownFileType = sourcecode.swift; path = WeatherForecastListViewModelTests.swift; sourceTree = "<group>"; };
		068FBFE325ED4A250082A43B /* MockOpenWeatherMapService.swift */ = {isa = PBXFileReference; lastKnownFileType = sourcecode.swift; path = MockOpenWeatherMapService.swift; sourceTree = "<group>"; };
		633612A449DFC4F57DD90239 /* Pods-WeatherForecast-WeatherForecastUITests.release.xcconfig */ = {isa = PBXFileReference; includeInIndex = 1; lastKnownFileType = text.xcconfig; name = "Pods-WeatherForecast-WeatherForecastUITests.release.xcconfig"; path = "Target Support Files/Pods-WeatherForecast-WeatherForecastUITests/Pods-WeatherForecast-WeatherForecastUITests.release.xcconfig"; sourceTree = "<group>"; };
		66CF65699218A5155D09BE4C /* Pods-WeatherForecast.release.xcconfig */ = {isa = PBXFileReference; includeInIndex = 1; lastKnownFileType = text.xcconfig; name = "Pods-WeatherForecast.release.xcconfig"; path = "Target Support Files/Pods-WeatherForecast/Pods-WeatherForecast.release.xcconfig"; sourceTree = "<group>"; };
		67E1FB5212D3462E4E0DA506 /* Pods_WeatherForecast.framework */ = {isa = PBXFileReference; explicitFileType = wrapper.framework; includeInIndex = 0; path = Pods_WeatherForecast.framework; sourceTree = BUILT_PRODUCTS_DIR; };
		73BF5757A6BEE400F7EE930E /* Pods-WeatherForecastTests.release.xcconfig */ = {isa = PBXFileReference; includeInIndex = 1; lastKnownFileType = text.xcconfig; name = "Pods-WeatherForecastTests.release.xcconfig"; path = "Target Support Files/Pods-WeatherForecastTests/Pods-WeatherForecastTests.release.xcconfig"; sourceTree = "<group>"; };
		9E19FD27979810D755638596 /* Pods-WeatherForecast-WeatherForecastUITests.debug.xcconfig */ = {isa = PBXFileReference; includeInIndex = 1; lastKnownFileType = text.xcconfig; name = "Pods-WeatherForecast-WeatherForecastUITests.debug.xcconfig"; path = "Target Support Files/Pods-WeatherForecast-WeatherForecastUITests/Pods-WeatherForecast-WeatherForecastUITests.debug.xcconfig"; sourceTree = "<group>"; };
		A4630FD36584C66B9AD99B3D /* Pods_WeatherForecast_WeatherForecastUITests.framework */ = {isa = PBXFileReference; explicitFileType = wrapper.framework; includeInIndex = 0; path = Pods_WeatherForecast_WeatherForecastUITests.framework; sourceTree = BUILT_PRODUCTS_DIR; };
		DB1AF18531D7D5D108180288 /* Pods-WeatherForecastTests.debug.xcconfig */ = {isa = PBXFileReference; includeInIndex = 1; lastKnownFileType = text.xcconfig; name = "Pods-WeatherForecastTests.debug.xcconfig"; path = "Target Support Files/Pods-WeatherForecastTests/Pods-WeatherForecastTests.debug.xcconfig"; sourceTree = "<group>"; };
		E5F82E90B4266CCBC2C2A5D0 /* Pods_WeatherForecastTests.framework */ = {isa = PBXFileReference; explicitFileType = wrapper.framework; includeInIndex = 0; path = Pods_WeatherForecastTests.framework; sourceTree = BUILT_PRODUCTS_DIR; };
		EB63E8234E3627608C8A4114 /* Pods-WeatherForecast.debug.xcconfig */ = {isa = PBXFileReference; includeInIndex = 1; lastKnownFileType = text.xcconfig; name = "Pods-WeatherForecast.debug.xcconfig"; path = "Target Support Files/Pods-WeatherForecast/Pods-WeatherForecast.debug.xcconfig"; sourceTree = "<group>"; };
/* End PBXFileReference section */

/* Begin PBXFrameworksBuildPhase section */
		068FBF1E25EA96260082A43B /* Frameworks */ = {
			isa = PBXFrameworksBuildPhase;
			buildActionMask = 2147483647;
			files = (
				51EF560F7E4262F6EE514C20 /* Pods_WeatherForecast.framework in Frameworks */,
			);
			runOnlyForDeploymentPostprocessing = 0;
		};
		068FBF3425EA96290082A43B /* Frameworks */ = {
			isa = PBXFrameworksBuildPhase;
			buildActionMask = 2147483647;
			files = (
				E9153F8E02677659913ED593 /* Pods_WeatherForecastTests.framework in Frameworks */,
			);
			runOnlyForDeploymentPostprocessing = 0;
		};
		068FBF3F25EA96290082A43B /* Frameworks */ = {
			isa = PBXFrameworksBuildPhase;
			buildActionMask = 2147483647;
			files = (
				EFCEAB22214A9362FFFBB7CF /* Pods_WeatherForecast_WeatherForecastUITests.framework in Frameworks */,
			);
			runOnlyForDeploymentPostprocessing = 0;
		};
/* End PBXFrameworksBuildPhase section */

/* Begin PBXGroup section */
		068FBF1825EA96260082A43B = {
			isa = PBXGroup;
			children = (
				068FBF2325EA96260082A43B /* WeatherForecast */,
				068FBF3A25EA96290082A43B /* WeatherForecastTests */,
				068FBF4525EA96290082A43B /* WeatherForecastUITests */,
				068FBF2225EA96260082A43B /* Products */,
				2891F75F069C5A865866CF8E /* Pods */,
				6F26705CC4D523AEF66F8946 /* Frameworks */,
			);
			sourceTree = "<group>";
		};
		068FBF2225EA96260082A43B /* Products */ = {
			isa = PBXGroup;
			children = (
				068FBF2125EA96260082A43B /* WeatherForecast.app */,
				068FBF3725EA96290082A43B /* WeatherForecastTests.xctest */,
				068FBF4225EA96290082A43B /* WeatherForecastUITests.xctest */,
			);
			name = Products;
			sourceTree = "<group>";
		};
		068FBF2325EA96260082A43B /* WeatherForecast */ = {
			isa = PBXGroup;
			children = (
				068FBF9025EB9D910082A43B /* OpenWeatherMapService.swift */,
				068FBF9925EC015B0082A43B /* Models */,
				068FBF8725EABB690082A43B /* WeatherForecastList */,
				068FBF2425EA96260082A43B /* AppDelegate.swift */,
				068FBF2625EA96260082A43B /* SceneDelegate.swift */,
				068FBF2D25EA96280082A43B /* Assets.xcassets */,
				068FBF2F25EA96280082A43B /* LaunchScreen.storyboard */,
				068FBF3225EA96280082A43B /* Info.plist */,
			);
			path = WeatherForecast;
			sourceTree = "<group>";
		};
		068FBF3A25EA96290082A43B /* WeatherForecastTests */ = {
			isa = PBXGroup;
			children = (
				068FBFE225ED4A160082A43B /* Mock */,
				068FBF3B25EA96290082A43B /* WeatherForecastTests.swift */,
				068FBF3D25EA96290082A43B /* Info.plist */,
				068FBFC925ED47450082A43B /* WeatherForecastListViewModelTests.swift */,
			);
			path = WeatherForecastTests;
			sourceTree = "<group>";
		};
		068FBF4525EA96290082A43B /* WeatherForecastUITests */ = {
			isa = PBXGroup;
			children = (
				068FBF4625EA96290082A43B /* WeatherForecastUITests.swift */,
				068FBF4825EA96290082A43B /* Info.plist */,
			);
			path = WeatherForecastUITests;
			sourceTree = "<group>";
		};
		068FBF8725EABB690082A43B /* WeatherForecastList */ = {
			isa = PBXGroup;
			children = (
				068FBF6225EA9BD20082A43B /* WeatherForecastListViewController.swift */,
				068FBF6325EA9BD20082A43B /* WeatherForecastListViewController.xib */,
				068FBFBD25ED2EFF0082A43B /* WeatherForecastListViewModel.swift */,
				068FBF8825EABB780082A43B /* WeatherForecastCell */,
			);
			path = WeatherForecastList;
			sourceTree = "<group>";
		};
		068FBF8825EABB780082A43B /* WeatherForecastCell */ = {
			isa = PBXGroup;
			children = (
				068FBF7825EAAB4B0082A43B /* WeatherForecastCell.swift */,
				068FBF7925EAAB4B0082A43B /* WeatherForecastCell.xib */,
				068FBF7F25EAB2000082A43B /* WeatherForecastViewModel.swift */,
			);
			path = WeatherForecastCell;
			sourceTree = "<group>";
		};
		068FBF9925EC015B0082A43B /* Models */ = {
			isa = PBXGroup;
			children = (
				068FBF9A25EC01A30082A43B /* DailyForecastList.swift */,
				068FBFA225EC01B50082A43B /* DailyForecastItem.swift */,
				068FBFA725EC01C60082A43B /* Weather.swift */,
				068FBFAC25EC01D20082A43B /* Temperature.swift */,
			);
			path = Models;
			sourceTree = "<group>";
		};
		068FBFE225ED4A160082A43B /* Mock */ = {
			isa = PBXGroup;
			children = (
				068FBFE325ED4A250082A43B /* MockOpenWeatherMapService.swift */,
			);
			path = Mock;
			sourceTree = "<group>";
		};
		2891F75F069C5A865866CF8E /* Pods */ = {
			isa = PBXGroup;
			children = (
				EB63E8234E3627608C8A4114 /* Pods-WeatherForecast.debug.xcconfig */,
				66CF65699218A5155D09BE4C /* Pods-WeatherForecast.release.xcconfig */,
				9E19FD27979810D755638596 /* Pods-WeatherForecast-WeatherForecastUITests.debug.xcconfig */,
				633612A449DFC4F57DD90239 /* Pods-WeatherForecast-WeatherForecastUITests.release.xcconfig */,
				DB1AF18531D7D5D108180288 /* Pods-WeatherForecastTests.debug.xcconfig */,
				73BF5757A6BEE400F7EE930E /* Pods-WeatherForecastTests.release.xcconfig */,
			);
			path = Pods;
			sourceTree = "<group>";
		};
		6F26705CC4D523AEF66F8946 /* Frameworks */ = {
			isa = PBXGroup;
			children = (
				67E1FB5212D3462E4E0DA506 /* Pods_WeatherForecast.framework */,
				A4630FD36584C66B9AD99B3D /* Pods_WeatherForecast_WeatherForecastUITests.framework */,
				E5F82E90B4266CCBC2C2A5D0 /* Pods_WeatherForecastTests.framework */,
			);
			name = Frameworks;
			sourceTree = "<group>";
		};
/* End PBXGroup section */

/* Begin PBXNativeTarget section */
		068FBF2025EA96260082A43B /* WeatherForecast */ = {
			isa = PBXNativeTarget;
			buildConfigurationList = 068FBF4B25EA96290082A43B /* Build configuration list for PBXNativeTarget "WeatherForecast" */;
			buildPhases = (
				BF4DE1CAA1325167B1077329 /* [CP] Check Pods Manifest.lock */,
				068FBF1D25EA96260082A43B /* Sources */,
				068FBF1E25EA96260082A43B /* Frameworks */,
				068FBF1F25EA96260082A43B /* Resources */,
				327E61D327DFAA5C4B9C5208 /* [CP] Embed Pods Frameworks */,
			);
			buildRules = (
			);
			dependencies = (
			);
			name = WeatherForecast;
			productName = WeatherForecast;
			productReference = 068FBF2125EA96260082A43B /* WeatherForecast.app */;
			productType = "com.apple.product-type.application";
		};
		068FBF3625EA96290082A43B /* WeatherForecastTests */ = {
			isa = PBXNativeTarget;
			buildConfigurationList = 068FBF4E25EA96290082A43B /* Build configuration list for PBXNativeTarget "WeatherForecastTests" */;
			buildPhases = (
				C9C374BD2D7F53E5053D3C23 /* [CP] Check Pods Manifest.lock */,
				068FBF3325EA96290082A43B /* Sources */,
				068FBF3425EA96290082A43B /* Frameworks */,
				068FBF3525EA96290082A43B /* Resources */,
				1EE035C97D2B2AD0C9638FF3 /* [CP] Embed Pods Frameworks */,
			);
			buildRules = (
			);
			dependencies = (
				068FBF3925EA96290082A43B /* PBXTargetDependency */,
			);
			name = WeatherForecastTests;
			productName = WeatherForecastTests;
			productReference = 068FBF3725EA96290082A43B /* WeatherForecastTests.xctest */;
			productType = "com.apple.product-type.bundle.unit-test";
		};
		068FBF4125EA96290082A43B /* WeatherForecastUITests */ = {
			isa = PBXNativeTarget;
			buildConfigurationList = 068FBF5125EA96290082A43B /* Build configuration list for PBXNativeTarget "WeatherForecastUITests" */;
			buildPhases = (
				32BD01CBA4899DB882E491F5 /* [CP] Check Pods Manifest.lock */,
				068FBF3E25EA96290082A43B /* Sources */,
				068FBF3F25EA96290082A43B /* Frameworks */,
				068FBF4025EA96290082A43B /* Resources */,
				69B04D1CA6BC942DA5D565C1 /* [CP] Embed Pods Frameworks */,
			);
			buildRules = (
			);
			dependencies = (
				068FBF4425EA96290082A43B /* PBXTargetDependency */,
			);
			name = WeatherForecastUITests;
			productName = WeatherForecastUITests;
			productReference = 068FBF4225EA96290082A43B /* WeatherForecastUITests.xctest */;
			productType = "com.apple.product-type.bundle.ui-testing";
		};
/* End PBXNativeTarget section */

/* Begin PBXProject section */
		068FBF1925EA96260082A43B /* Project object */ = {
			isa = PBXProject;
			attributes = {
				LastSwiftUpdateCheck = 1240;
				LastUpgradeCheck = 1240;
				TargetAttributes = {
					068FBF2025EA96260082A43B = {
						CreatedOnToolsVersion = 12.4;
					};
					068FBF3625EA96290082A43B = {
						CreatedOnToolsVersion = 12.4;
						TestTargetID = 068FBF2025EA96260082A43B;
					};
					068FBF4125EA96290082A43B = {
						CreatedOnToolsVersion = 12.4;
						TestTargetID = 068FBF2025EA96260082A43B;
					};
				};
			};
			buildConfigurationList = 068FBF1C25EA96260082A43B /* Build configuration list for PBXProject "WeatherForecast" */;
			compatibilityVersion = "Xcode 9.3";
			developmentRegion = en;
			hasScannedForEncodings = 0;
			knownRegions = (
				en,
				Base,
			);
			mainGroup = 068FBF1825EA96260082A43B;
			productRefGroup = 068FBF2225EA96260082A43B /* Products */;
			projectDirPath = "";
			projectRoot = "";
			targets = (
				068FBF2025EA96260082A43B /* WeatherForecast */,
				068FBF3625EA96290082A43B /* WeatherForecastTests */,
				068FBF4125EA96290082A43B /* WeatherForecastUITests */,
			);
		};
/* End PBXProject section */

/* Begin PBXResourcesBuildPhase section */
		068FBF1F25EA96260082A43B /* Resources */ = {
			isa = PBXResourcesBuildPhase;
			buildActionMask = 2147483647;
			files = (
				068FBF6525EA9BD20082A43B /* WeatherForecastListViewController.xib in Resources */,
				068FBF3125EA96280082A43B /* LaunchScreen.storyboard in Resources */,
				068FBF2E25EA96280082A43B /* Assets.xcassets in Resources */,
				068FBF7B25EAAB4B0082A43B /* WeatherForecastCell.xib in Resources */,
			);
			runOnlyForDeploymentPostprocessing = 0;
		};
		068FBF3525EA96290082A43B /* Resources */ = {
			isa = PBXResourcesBuildPhase;
			buildActionMask = 2147483647;
			files = (
			);
			runOnlyForDeploymentPostprocessing = 0;
		};
		068FBF4025EA96290082A43B /* Resources */ = {
			isa = PBXResourcesBuildPhase;
			buildActionMask = 2147483647;
			files = (
			);
			runOnlyForDeploymentPostprocessing = 0;
		};
/* End PBXResourcesBuildPhase section */

/* Begin PBXShellScriptBuildPhase section */
		1EE035C97D2B2AD0C9638FF3 /* [CP] Embed Pods Frameworks */ = {
			isa = PBXShellScriptBuildPhase;
			buildActionMask = 2147483647;
			files = (
			);
			inputFileListPaths = (
				"${PODS_ROOT}/Target Support Files/Pods-WeatherForecastTests/Pods-WeatherForecastTests-frameworks-${CONFIGURATION}-input-files.xcfilelist",
			);
			name = "[CP] Embed Pods Frameworks";
			outputFileListPaths = (
				"${PODS_ROOT}/Target Support Files/Pods-WeatherForecastTests/Pods-WeatherForecastTests-frameworks-${CONFIGURATION}-output-files.xcfilelist",
			);
			runOnlyForDeploymentPostprocessing = 0;
			shellPath = /bin/sh;
			shellScript = "\"${PODS_ROOT}/Target Support Files/Pods-WeatherForecastTests/Pods-WeatherForecastTests-frameworks.sh\"\n";
			showEnvVarsInLog = 0;
		};
		327E61D327DFAA5C4B9C5208 /* [CP] Embed Pods Frameworks */ = {
			isa = PBXShellScriptBuildPhase;
			buildActionMask = 2147483647;
			files = (
			);
			inputFileListPaths = (
				"${PODS_ROOT}/Target Support Files/Pods-WeatherForecast/Pods-WeatherForecast-frameworks-${CONFIGURATION}-input-files.xcfilelist",
			);
			name = "[CP] Embed Pods Frameworks";
			outputFileListPaths = (
				"${PODS_ROOT}/Target Support Files/Pods-WeatherForecast/Pods-WeatherForecast-frameworks-${CONFIGURATION}-output-files.xcfilelist",
			);
			runOnlyForDeploymentPostprocessing = 0;
			shellPath = /bin/sh;
			shellScript = "\"${PODS_ROOT}/Target Support Files/Pods-WeatherForecast/Pods-WeatherForecast-frameworks.sh\"\n";
			showEnvVarsInLog = 0;
		};
		32BD01CBA4899DB882E491F5 /* [CP] Check Pods Manifest.lock */ = {
			isa = PBXShellScriptBuildPhase;
			buildActionMask = 2147483647;
			files = (
			);
			inputFileListPaths = (
			);
			inputPaths = (
				"${PODS_PODFILE_DIR_PATH}/Podfile.lock",
				"${PODS_ROOT}/Manifest.lock",
			);
			name = "[CP] Check Pods Manifest.lock";
			outputFileListPaths = (
			);
			outputPaths = (
				"$(DERIVED_FILE_DIR)/Pods-WeatherForecast-WeatherForecastUITests-checkManifestLockResult.txt",
			);
			runOnlyForDeploymentPostprocessing = 0;
			shellPath = /bin/sh;
			shellScript = "diff \"${PODS_PODFILE_DIR_PATH}/Podfile.lock\" \"${PODS_ROOT}/Manifest.lock\" > /dev/null\nif [ $? != 0 ] ; then\n    # print error to STDERR\n    echo \"error: The sandbox is not in sync with the Podfile.lock. Run 'pod install' or update your CocoaPods installation.\" >&2\n    exit 1\nfi\n# This output is used by Xcode 'outputs' to avoid re-running this script phase.\necho \"SUCCESS\" > \"${SCRIPT_OUTPUT_FILE_0}\"\n";
			showEnvVarsInLog = 0;
		};
		69B04D1CA6BC942DA5D565C1 /* [CP] Embed Pods Frameworks */ = {
			isa = PBXShellScriptBuildPhase;
			buildActionMask = 2147483647;
			files = (
			);
			inputFileListPaths = (
				"${PODS_ROOT}/Target Support Files/Pods-WeatherForecast-WeatherForecastUITests/Pods-WeatherForecast-WeatherForecastUITests-frameworks-${CONFIGURATION}-input-files.xcfilelist",
			);
			name = "[CP] Embed Pods Frameworks";
			outputFileListPaths = (
				"${PODS_ROOT}/Target Support Files/Pods-WeatherForecast-WeatherForecastUITests/Pods-WeatherForecast-WeatherForecastUITests-frameworks-${CONFIGURATION}-output-files.xcfilelist",
			);
			runOnlyForDeploymentPostprocessing = 0;
			shellPath = /bin/sh;
			shellScript = "\"${PODS_ROOT}/Target Support Files/Pods-WeatherForecast-WeatherForecastUITests/Pods-WeatherForecast-WeatherForecastUITests-frameworks.sh\"\n";
			showEnvVarsInLog = 0;
		};
		BF4DE1CAA1325167B1077329 /* [CP] Check Pods Manifest.lock */ = {
			isa = PBXShellScriptBuildPhase;
			buildActionMask = 2147483647;
			files = (
			);
			inputFileListPaths = (
			);
			inputPaths = (
				"${PODS_PODFILE_DIR_PATH}/Podfile.lock",
				"${PODS_ROOT}/Manifest.lock",
			);
			name = "[CP] Check Pods Manifest.lock";
			outputFileListPaths = (
			);
			outputPaths = (
				"$(DERIVED_FILE_DIR)/Pods-WeatherForecast-checkManifestLockResult.txt",
			);
			runOnlyForDeploymentPostprocessing = 0;
			shellPath = /bin/sh;
			shellScript = "diff \"${PODS_PODFILE_DIR_PATH}/Podfile.lock\" \"${PODS_ROOT}/Manifest.lock\" > /dev/null\nif [ $? != 0 ] ; then\n    # print error to STDERR\n    echo \"error: The sandbox is not in sync with the Podfile.lock. Run 'pod install' or update your CocoaPods installation.\" >&2\n    exit 1\nfi\n# This output is used by Xcode 'outputs' to avoid re-running this script phase.\necho \"SUCCESS\" > \"${SCRIPT_OUTPUT_FILE_0}\"\n";
			showEnvVarsInLog = 0;
		};
		C9C374BD2D7F53E5053D3C23 /* [CP] Check Pods Manifest.lock */ = {
			isa = PBXShellScriptBuildPhase;
			buildActionMask = 2147483647;
			files = (
			);
			inputFileListPaths = (
			);
			inputPaths = (
				"${PODS_PODFILE_DIR_PATH}/Podfile.lock",
				"${PODS_ROOT}/Manifest.lock",
			);
			name = "[CP] Check Pods Manifest.lock";
			outputFileListPaths = (
			);
			outputPaths = (
				"$(DERIVED_FILE_DIR)/Pods-WeatherForecastTests-checkManifestLockResult.txt",
			);
			runOnlyForDeploymentPostprocessing = 0;
			shellPath = /bin/sh;
			shellScript = "diff \"${PODS_PODFILE_DIR_PATH}/Podfile.lock\" \"${PODS_ROOT}/Manifest.lock\" > /dev/null\nif [ $? != 0 ] ; then\n    # print error to STDERR\n    echo \"error: The sandbox is not in sync with the Podfile.lock. Run 'pod install' or update your CocoaPods installation.\" >&2\n    exit 1\nfi\n# This output is used by Xcode 'outputs' to avoid re-running this script phase.\necho \"SUCCESS\" > \"${SCRIPT_OUTPUT_FILE_0}\"\n";
			showEnvVarsInLog = 0;
		};
/* End PBXShellScriptBuildPhase section */

/* Begin PBXSourcesBuildPhase section */
		068FBF1D25EA96260082A43B /* Sources */ = {
			isa = PBXSourcesBuildPhase;
			buildActionMask = 2147483647;
			files = (
				068FBF6425EA9BD20082A43B /* WeatherForecastListViewController.swift in Sources */,
				068FBFBE25ED2EFF0082A43B /* WeatherForecastListViewModel.swift in Sources */,
				068FBF9125EB9D910082A43B /* OpenWeatherMapService.swift in Sources */,
				068FBF8025EAB2000082A43B /* WeatherForecastViewModel.swift in Sources */,
				068FBFA325EC01B50082A43B /* DailyForecastItem.swift in Sources */,
				068FBFA825EC01C60082A43B /* Weather.swift in Sources */,
				068FBF2525EA96260082A43B /* AppDelegate.swift in Sources */,
				068FBF2725EA96260082A43B /* SceneDelegate.swift in Sources */,
				068FBF7A25EAAB4B0082A43B /* WeatherForecastCell.swift in Sources */,
				068FBFAD25EC01D20082A43B /* Temperature.swift in Sources */,
				068FBF9B25EC01A30082A43B /* DailyForecastList.swift in Sources */,
			);
			runOnlyForDeploymentPostprocessing = 0;
		};
		068FBF3325EA96290082A43B /* Sources */ = {
			isa = PBXSourcesBuildPhase;
			buildActionMask = 2147483647;
			files = (
				068FBFCA25ED47450082A43B /* WeatherForecastListViewModelTests.swift in Sources */,
				068FBFE425ED4A250082A43B /* MockOpenWeatherMapService.swift in Sources */,
				068FBF3C25EA96290082A43B /* WeatherForecastTests.swift in Sources */,
			);
			runOnlyForDeploymentPostprocessing = 0;
		};
		068FBF3E25EA96290082A43B /* Sources */ = {
			isa = PBXSourcesBuildPhase;
			buildActionMask = 2147483647;
			files = (
				068FBF4725EA96290082A43B /* WeatherForecastUITests.swift in Sources */,
			);
			runOnlyForDeploymentPostprocessing = 0;
		};
/* End PBXSourcesBuildPhase section */

/* Begin PBXTargetDependency section */
		068FBF3925EA96290082A43B /* PBXTargetDependency */ = {
			isa = PBXTargetDependency;
			target = 068FBF2025EA96260082A43B /* WeatherForecast */;
			targetProxy = 068FBF3825EA96290082A43B /* PBXContainerItemProxy */;
		};
		068FBF4425EA96290082A43B /* PBXTargetDependency */ = {
			isa = PBXTargetDependency;
			target = 068FBF2025EA96260082A43B /* WeatherForecast */;
			targetProxy = 068FBF4325EA96290082A43B /* PBXContainerItemProxy */;
		};
/* End PBXTargetDependency section */

/* Begin PBXVariantGroup section */
		068FBF2F25EA96280082A43B /* LaunchScreen.storyboard */ = {
			isa = PBXVariantGroup;
			children = (
				068FBF3025EA96280082A43B /* Base */,
			);
			name = LaunchScreen.storyboard;
			sourceTree = "<group>";
		};
/* End PBXVariantGroup section */

/* Begin XCBuildConfiguration section */
		068FBF4925EA96290082A43B /* Debug */ = {
			isa = XCBuildConfiguration;
			buildSettings = {
				ALWAYS_SEARCH_USER_PATHS = NO;
				CLANG_ANALYZER_NONNULL = YES;
				CLANG_ANALYZER_NUMBER_OBJECT_CONVERSION = YES_AGGRESSIVE;
				CLANG_CXX_LANGUAGE_STANDARD = "gnu++14";
				CLANG_CXX_LIBRARY = "libc++";
				CLANG_ENABLE_MODULES = YES;
				CLANG_ENABLE_OBJC_ARC = YES;
				CLANG_ENABLE_OBJC_WEAK = YES;
				CLANG_WARN_BLOCK_CAPTURE_AUTORELEASING = YES;
				CLANG_WARN_BOOL_CONVERSION = YES;
				CLANG_WARN_COMMA = YES;
				CLANG_WARN_CONSTANT_CONVERSION = YES;
				CLANG_WARN_DEPRECATED_OBJC_IMPLEMENTATIONS = YES;
				CLANG_WARN_DIRECT_OBJC_ISA_USAGE = YES_ERROR;
				CLANG_WARN_DOCUMENTATION_COMMENTS = YES;
				CLANG_WARN_EMPTY_BODY = YES;
				CLANG_WARN_ENUM_CONVERSION = YES;
				CLANG_WARN_INFINITE_RECURSION = YES;
				CLANG_WARN_INT_CONVERSION = YES;
				CLANG_WARN_NON_LITERAL_NULL_CONVERSION = YES;
				CLANG_WARN_OBJC_IMPLICIT_RETAIN_SELF = YES;
				CLANG_WARN_OBJC_LITERAL_CONVERSION = YES;
				CLANG_WARN_OBJC_ROOT_CLASS = YES_ERROR;
				CLANG_WARN_QUOTED_INCLUDE_IN_FRAMEWORK_HEADER = YES;
				CLANG_WARN_RANGE_LOOP_ANALYSIS = YES;
				CLANG_WARN_STRICT_PROTOTYPES = YES;
				CLANG_WARN_SUSPICIOUS_MOVE = YES;
				CLANG_WARN_UNGUARDED_AVAILABILITY = YES_AGGRESSIVE;
				CLANG_WARN_UNREACHABLE_CODE = YES;
				CLANG_WARN__DUPLICATE_METHOD_MATCH = YES;
				COPY_PHASE_STRIP = NO;
				DEBUG_INFORMATION_FORMAT = dwarf;
				ENABLE_STRICT_OBJC_MSGSEND = YES;
				ENABLE_TESTABILITY = YES;
				GCC_C_LANGUAGE_STANDARD = gnu11;
				GCC_DYNAMIC_NO_PIC = NO;
				GCC_NO_COMMON_BLOCKS = YES;
				GCC_OPTIMIZATION_LEVEL = 0;
				GCC_PREPROCESSOR_DEFINITIONS = (
					"DEBUG=1",
					"$(inherited)",
				);
				GCC_WARN_64_TO_32_BIT_CONVERSION = YES;
				GCC_WARN_ABOUT_RETURN_TYPE = YES_ERROR;
				GCC_WARN_UNDECLARED_SELECTOR = YES;
				GCC_WARN_UNINITIALIZED_AUTOS = YES_AGGRESSIVE;
				GCC_WARN_UNUSED_FUNCTION = YES;
				GCC_WARN_UNUSED_VARIABLE = YES;
				IPHONEOS_DEPLOYMENT_TARGET = 14.4;
				MTL_ENABLE_DEBUG_INFO = INCLUDE_SOURCE;
				MTL_FAST_MATH = YES;
				ONLY_ACTIVE_ARCH = YES;
				SDKROOT = iphoneos;
				SWIFT_ACTIVE_COMPILATION_CONDITIONS = DEBUG;
				SWIFT_OPTIMIZATION_LEVEL = "-Onone";
			};
			name = Debug;
		};
		068FBF4A25EA96290082A43B /* Release */ = {
			isa = XCBuildConfiguration;
			buildSettings = {
				ALWAYS_SEARCH_USER_PATHS = NO;
				CLANG_ANALYZER_NONNULL = YES;
				CLANG_ANALYZER_NUMBER_OBJECT_CONVERSION = YES_AGGRESSIVE;
				CLANG_CXX_LANGUAGE_STANDARD = "gnu++14";
				CLANG_CXX_LIBRARY = "libc++";
				CLANG_ENABLE_MODULES = YES;
				CLANG_ENABLE_OBJC_ARC = YES;
				CLANG_ENABLE_OBJC_WEAK = YES;
				CLANG_WARN_BLOCK_CAPTURE_AUTORELEASING = YES;
				CLANG_WARN_BOOL_CONVERSION = YES;
				CLANG_WARN_COMMA = YES;
				CLANG_WARN_CONSTANT_CONVERSION = YES;
				CLANG_WARN_DEPRECATED_OBJC_IMPLEMENTATIONS = YES;
				CLANG_WARN_DIRECT_OBJC_ISA_USAGE = YES_ERROR;
				CLANG_WARN_DOCUMENTATION_COMMENTS = YES;
				CLANG_WARN_EMPTY_BODY = YES;
				CLANG_WARN_ENUM_CONVERSION = YES;
				CLANG_WARN_INFINITE_RECURSION = YES;
				CLANG_WARN_INT_CONVERSION = YES;
				CLANG_WARN_NON_LITERAL_NULL_CONVERSION = YES;
				CLANG_WARN_OBJC_IMPLICIT_RETAIN_SELF = YES;
				CLANG_WARN_OBJC_LITERAL_CONVERSION = YES;
				CLANG_WARN_OBJC_ROOT_CLASS = YES_ERROR;
				CLANG_WARN_QUOTED_INCLUDE_IN_FRAMEWORK_HEADER = YES;
				CLANG_WARN_RANGE_LOOP_ANALYSIS = YES;
				CLANG_WARN_STRICT_PROTOTYPES = YES;
				CLANG_WARN_SUSPICIOUS_MOVE = YES;
				CLANG_WARN_UNGUARDED_AVAILABILITY = YES_AGGRESSIVE;
				CLANG_WARN_UNREACHABLE_CODE = YES;
				CLANG_WARN__DUPLICATE_METHOD_MATCH = YES;
				COPY_PHASE_STRIP = NO;
				DEBUG_INFORMATION_FORMAT = "dwarf-with-dsym";
				ENABLE_NS_ASSERTIONS = NO;
				ENABLE_STRICT_OBJC_MSGSEND = YES;
				GCC_C_LANGUAGE_STANDARD = gnu11;
				GCC_NO_COMMON_BLOCKS = YES;
				GCC_WARN_64_TO_32_BIT_CONVERSION = YES;
				GCC_WARN_ABOUT_RETURN_TYPE = YES_ERROR;
				GCC_WARN_UNDECLARED_SELECTOR = YES;
				GCC_WARN_UNINITIALIZED_AUTOS = YES_AGGRESSIVE;
				GCC_WARN_UNUSED_FUNCTION = YES;
				GCC_WARN_UNUSED_VARIABLE = YES;
				IPHONEOS_DEPLOYMENT_TARGET = 14.4;
				MTL_ENABLE_DEBUG_INFO = NO;
				MTL_FAST_MATH = YES;
				SDKROOT = iphoneos;
				SWIFT_COMPILATION_MODE = wholemodule;
				SWIFT_OPTIMIZATION_LEVEL = "-O";
				VALIDATE_PRODUCT = YES;
			};
			name = Release;
		};
		068FBF4C25EA96290082A43B /* Debug */ = {
			isa = XCBuildConfiguration;
			baseConfigurationReference = EB63E8234E3627608C8A4114 /* Pods-WeatherForecast.debug.xcconfig */;
			buildSettings = {
				ASSETCATALOG_COMPILER_APPICON_NAME = AppIcon;
				ASSETCATALOG_COMPILER_GLOBAL_ACCENT_COLOR_NAME = AccentColor;
				CODE_SIGN_STYLE = Automatic;
				INFOPLIST_FILE = WeatherForecast/Info.plist;
				IPHONEOS_DEPLOYMENT_TARGET = 13.0;
				LD_RUNPATH_SEARCH_PATHS = (
					"$(inherited)",
					"@executable_path/Frameworks",
				);
				PRODUCT_BUNDLE_IDENTIFIER = minhnguyen.com.WeatherForecast;
				PRODUCT_NAME = "$(TARGET_NAME)";
				SWIFT_VERSION = 5.0;
				TARGETED_DEVICE_FAMILY = "1,2";
			};
			name = Debug;
		};
		068FBF4D25EA96290082A43B /* Release */ = {
			isa = XCBuildConfiguration;
			baseConfigurationReference = 66CF65699218A5155D09BE4C /* Pods-WeatherForecast.release.xcconfig */;
			buildSettings = {
				ASSETCATALOG_COMPILER_APPICON_NAME = AppIcon;
				ASSETCATALOG_COMPILER_GLOBAL_ACCENT_COLOR_NAME = AccentColor;
				CODE_SIGN_STYLE = Automatic;
				INFOPLIST_FILE = WeatherForecast/Info.plist;
				IPHONEOS_DEPLOYMENT_TARGET = 13.0;
				LD_RUNPATH_SEARCH_PATHS = (
					"$(inherited)",
					"@executable_path/Frameworks",
				);
				PRODUCT_BUNDLE_IDENTIFIER = minhnguyen.com.WeatherForecast;
				PRODUCT_NAME = "$(TARGET_NAME)";
				SWIFT_VERSION = 5.0;
				TARGETED_DEVICE_FAMILY = "1,2";
			};
			name = Release;
		};
		068FBF4F25EA96290082A43B /* Debug */ = {
			isa = XCBuildConfiguration;
			baseConfigurationReference = DB1AF18531D7D5D108180288 /* Pods-WeatherForecastTests.debug.xcconfig */;
			buildSettings = {
				ALWAYS_EMBED_SWIFT_STANDARD_LIBRARIES = YES;
				BUNDLE_LOADER = "$(TEST_HOST)";
				CODE_SIGN_STYLE = Automatic;
				INFOPLIST_FILE = WeatherForecastTests/Info.plist;
				IPHONEOS_DEPLOYMENT_TARGET = 14.4;
				LD_RUNPATH_SEARCH_PATHS = (
					"$(inherited)",
					"@executable_path/Frameworks",
					"@loader_path/Frameworks",
				);
				PRODUCT_BUNDLE_IDENTIFIER = minhnguyen.com.WeatherForecastTests;
				PRODUCT_NAME = "$(TARGET_NAME)";
				SWIFT_VERSION = 5.0;
				TARGETED_DEVICE_FAMILY = "1,2";
				TEST_HOST = "$(BUILT_PRODUCTS_DIR)/WeatherForecast.app/WeatherForecast";
			};
			name = Debug;
		};
		068FBF5025EA96290082A43B /* Release */ = {
			isa = XCBuildConfiguration;
			baseConfigurationReference = 73BF5757A6BEE400F7EE930E /* Pods-WeatherForecastTests.release.xcconfig */;
			buildSettings = {
				ALWAYS_EMBED_SWIFT_STANDARD_LIBRARIES = YES;
				BUNDLE_LOADER = "$(TEST_HOST)";
				CODE_SIGN_STYLE = Automatic;
				INFOPLIST_FILE = WeatherForecastTests/Info.plist;
				IPHONEOS_DEPLOYMENT_TARGET = 14.4;
				LD_RUNPATH_SEARCH_PATHS = (
					"$(inherited)",
					"@executable_path/Frameworks",
					"@loader_path/Frameworks",
				);
				PRODUCT_BUNDLE_IDENTIFIER = minhnguyen.com.WeatherForecastTests;
				PRODUCT_NAME = "$(TARGET_NAME)";
				SWIFT_VERSION = 5.0;
				TARGETED_DEVICE_FAMILY = "1,2";
				TEST_HOST = "$(BUILT_PRODUCTS_DIR)/WeatherForecast.app/WeatherForecast";
			};
			name = Release;
		};
		068FBF5225EA96290082A43B /* Debug */ = {
			isa = XCBuildConfiguration;
			baseConfigurationReference = 9E19FD27979810D755638596 /* Pods-WeatherForecast-WeatherForecastUITests.debug.xcconfig */;
			buildSettings = {
				ALWAYS_EMBED_SWIFT_STANDARD_LIBRARIES = YES;
				CODE_SIGN_STYLE = Automatic;
				INFOPLIST_FILE = WeatherForecastUITests/Info.plist;
				LD_RUNPATH_SEARCH_PATHS = (
					"$(inherited)",
					"@executable_path/Frameworks",
					"@loader_path/Frameworks",
				);
				PRODUCT_BUNDLE_IDENTIFIER = minhnguyen.com.WeatherForecastUITests;
				PRODUCT_NAME = "$(TARGET_NAME)";
				SWIFT_VERSION = 5.0;
				TARGETED_DEVICE_FAMILY = "1,2";
				TEST_TARGET_NAME = WeatherForecast;
			};
			name = Debug;
		};
		068FBF5325EA96290082A43B /* Release */ = {
			isa = XCBuildConfiguration;
			baseConfigurationReference = 633612A449DFC4F57DD90239 /* Pods-WeatherForecast-WeatherForecastUITests.release.xcconfig */;
			buildSettings = {
				ALWAYS_EMBED_SWIFT_STANDARD_LIBRARIES = YES;
				CODE_SIGN_STYLE = Automatic;
				INFOPLIST_FILE = WeatherForecastUITests/Info.plist;
				LD_RUNPATH_SEARCH_PATHS = (
					"$(inherited)",
					"@executable_path/Frameworks",
					"@loader_path/Frameworks",
				);
				PRODUCT_BUNDLE_IDENTIFIER = minhnguyen.com.WeatherForecastUITests;
				PRODUCT_NAME = "$(TARGET_NAME)";
				SWIFT_VERSION = 5.0;
				TARGETED_DEVICE_FAMILY = "1,2";
				TEST_TARGET_NAME = WeatherForecast;
			};
			name = Release;
		};
/* End XCBuildConfiguration section */

/* Begin XCConfigurationList section */
		068FBF1C25EA96260082A43B /* Build configuration list for PBXProject "WeatherForecast" */ = {
			isa = XCConfigurationList;
			buildConfigurations = (
				068FBF4925EA96290082A43B /* Debug */,
				068FBF4A25EA96290082A43B /* Release */,
			);
			defaultConfigurationIsVisible = 0;
			defaultConfigurationName = Release;
		};
		068FBF4B25EA96290082A43B /* Build configuration list for PBXNativeTarget "WeatherForecast" */ = {
			isa = XCConfigurationList;
			buildConfigurations = (
				068FBF4C25EA96290082A43B /* Debug */,
				068FBF4D25EA96290082A43B /* Release */,
			);
			defaultConfigurationIsVisible = 0;
			defaultConfigurationName = Release;
		};
		068FBF4E25EA96290082A43B /* Build configuration list for PBXNativeTarget "WeatherForecastTests" */ = {
			isa = XCConfigurationList;
			buildConfigurations = (
				068FBF4F25EA96290082A43B /* Debug */,
				068FBF5025EA96290082A43B /* Release */,
			);
			defaultConfigurationIsVisible = 0;
			defaultConfigurationName = Release;
		};
		068FBF5125EA96290082A43B /* Build configuration list for PBXNativeTarget "WeatherForecastUITests" */ = {
			isa = XCConfigurationList;
			buildConfigurations = (
				068FBF5225EA96290082A43B /* Debug */,
				068FBF5325EA96290082A43B /* Release */,
			);
			defaultConfigurationIsVisible = 0;
			defaultConfigurationName = Release;
		};
/* End XCConfigurationList section */
	};
	rootObject = 068FBF1925EA96260082A43B /* Project object */;
}
