// !$*UTF8*$!
{
	archiveVersion = 1;
	classes = {
	};
	objectVersion = 50;
	objects = {

/* Begin PBXBuildFile section */
		068FBF2525EA96260082A43B /* AppDelegate.swift in Sources */ = {isa = PBXBuildFile; fileRef = 068FBF2425EA96260082A43B /* AppDelegate.swift */; };
		068FBF2725EA96260082A43B /* SceneDelegate.swift in Sources */ = {isa = PBXBuildFile; fileRef = 068FBF2625EA96260082A43B /* SceneDelegate.swift */; };
		068FBF2925EA96260082A43B /* ViewController.swift in Sources */ = {isa = PBXBuildFile; fileRef = 068FBF2825EA96260082A43B /* ViewController.swift */; };
		068FBF2C25EA96260082A43B /* Main.storyboard in Resources */ = {isa = PBXBuildFile; fileRef = 068FBF2A25EA96260082A43B /* Main.storyboard */; };
		068FBF2E25EA96280082A43B /* Assets.xcassets in Resources */ = {isa = PBXBuildFile; fileRef = 068FBF2D25EA96280082A43B /* Assets.xcassets */; };
		068FBF3125EA96280082A43B /* LaunchScreen.storyboard in Resources */ = {isa = PBXBuildFile; fileRef = 068FBF2F25EA96280082A43B /* LaunchScreen.storyboard */; };
		068FBF3C25EA96290082A43B /* WeatherForecastTests.swift in Sources */ = {isa = PBXBuildFile; fileRef = 068FBF3B25EA96290082A43B /* WeatherForecastTests.swift */; };
		068FBF4725EA96290082A43B /* WeatherForecastUITests.swift in Sources */ = {isa = PBXBuildFile; fileRef = 068FBF4625EA96290082A43B /* WeatherForecastUITests.swift */; };
/* End PBXBuildFile section */

/* Begin PBXContainerItemProxy section */
		068FBF3825EA96290082A43B /* PBXContainerItemProxy */ = {
			isa = PBXContainerItemProxy;
			containerPortal = 068FBF1925EA96260082A43B /* Project object */;
			proxyType = 1;
			remoteGlobalIDString = 068FBF2025EA96260082A43B;
			remoteInfo = WeatherForecast;
		};
		068FBF4325EA96290082A43B /* PBXContainerItemProxy */ = {
			isa = PBXContainerItemProxy;
			containerPortal = 068FBF1925EA96260082A43B /* Project object */;
			proxyType = 1;
			remoteGlobalIDString = 068FBF2025EA96260082A43B;
			remoteInfo = WeatherForecast;
		};
/* End PBXContainerItemProxy section */

/* Begin PBXFileReference section */
		068FBF2125EA96260082A43B /* WeatherForecast.app */ = {isa = PBXFileReference; explicitFileType = wrapper.application; includeInIndex = 0; path = WeatherForecast.app; sourceTree = BUILT_PRODUCTS_DIR; };
		068FBF2425EA96260082A43B /* AppDelegate.swift */ = {isa = PBXFileReference; lastKnownFileType = sourcecode.swift; path = AppDelegate.swift; sourceTree = "<group>"; };
		068FBF2625EA96260082A43B /* SceneDelegate.swift */ = {isa = PBXFileReference; lastKnownFileType = sourcecode.swift; path = SceneDelegate.swift; sourceTree = "<group>"; };
		068FBF2825EA96260082A43B /* ViewController.swift */ = {isa = PBXFileReference; lastKnownFileType = sourcecode.swift; path = ViewController.swift; sourceTree = "<group>"; };
		068FBF2B25EA96260082A43B /* Base */ = {isa = PBXFileReference; lastKnownFileType = file.storyboard; name = Base; path = Base.lproj/Main.storyboard; sourceTree = "<group>"; };
		068FBF2D25EA96280082A43B /* Assets.xcassets */ = {isa = PBXFileReference; lastKnownFileType = folder.assetcatalog; path = Assets.xcassets; sourceTree = "<group>"; };
		068FBF3025EA96280082A43B /* Base */ = {isa = PBXFileReference; lastKnownFileType = file.storyboard; name = Base; path = Base.lproj/LaunchScreen.storyboard; sourceTree = "<group>"; };
		068FBF3225EA96280082A43B /* Info.plist */ = {isa = PBXFileReference; lastKnownFileType = text.plist.xml; path = Info.plist; sourceTree = "<group>"; };
		068FBF3725EA96290082A43B /* WeatherForecastTests.xctest */ = {isa = PBXFileReference; explicitFileType = wrapper.cfbundle; includeInIndex = 0; path = WeatherForecastTests.xctest; sourceTree = BUILT_PRODUCTS_DIR; };
		068FBF3B25EA96290082A43B /* WeatherForecastTests.swift */ = {isa = PBXFileReference; lastKnownFileType = sourcecode.swift; path = WeatherForecastTests.swift; sourceTree = "<group>"; };
		068FBF3D25EA96290082A43B /* Info.plist */ = {isa = PBXFileReference; lastKnownFileType = text.plist.xml; path = Info.plist; sourceTree = "<group>"; };
		068FBF4225EA96290082A43B /* WeatherForecastUITests.xctest */ = {isa = PBXFileReference; explicitFileType = wrapper.cfbundle; includeInIndex = 0; path = WeatherForecastUITests.xctest; sourceTree = BUILT_PRODUCTS_DIR; };
		068FBF4625EA96290082A43B /* WeatherForecastUITests.swift */ = {isa = PBXFileReference; lastKnownFileType = sourcecode.swift; path = WeatherForecastUITests.swift; sourceTree = "<group>"; };
		068FBF4825EA96290082A43B /* Info.plist */ = {isa = PBXFileReference; lastKnownFileType = text.plist.xml; path = Info.plist; sourceTree = "<group>"; };
/* End PBXFileReference section */

/* Begin PBXFrameworksBuildPhase section */
		068FBF1E25EA96260082A43B /* Frameworks */ = {
			isa = PBXFrameworksBuildPhase;
			buildActionMask = 2147483647;
			files = (
			);
			runOnlyForDeploymentPostprocessing = 0;
		};
		068FBF3425EA96290082A43B /* Frameworks */ = {
			isa = PBXFrameworksBuildPhase;
			buildActionMask = 2147483647;
			files = (
			);
			runOnlyForDeploymentPostprocessing = 0;
		};
		068FBF3F25EA96290082A43B /* Frameworks */ = {
			isa = PBXFrameworksBuildPhase;
			buildActionMask = 2147483647;
			files = (
			);
			runOnlyForDeploymentPostprocessing = 0;
		};
/* End PBXFrameworksBuildPhase section */

/* Begin PBXGroup section */
		068FBF1825EA96260082A43B = {
			isa = PBXGroup;
			children = (
				068FBF2325EA96260082A43B /* WeatherForecast */,
				068FBF3A25EA96290082A43B /* WeatherForecastTests */,
				068FBF4525EA96290082A43B /* WeatherForecastUITests */,
				068FBF2225EA96260082A43B /* Products */,
			);
			sourceTree = "<group>";
		};
		068FBF2225EA96260082A43B /* Products */ = {
			isa = PBXGroup;
			children = (
				068FBF2125EA96260082A43B /* WeatherForecast.app */,
				068FBF3725EA96290082A43B /* WeatherForecastTests.xctest */,
				068FBF4225EA96290082A43B /* WeatherForecastUITests.xctest */,
			);
			name = Products;
			sourceTree = "<group>";
		};
		068FBF2325EA96260082A43B /* WeatherForecast */ = {
			isa = PBXGroup;
			children = (
				068FBF2425EA96260082A43B /* AppDelegate.swift */,
				068FBF2625EA96260082A43B /* SceneDelegate.swift */,
				068FBF2825EA96260082A43B /* ViewController.swift */,
				068FBF2A25EA96260082A43B /* Main.storyboard */,
				068FBF2D25EA96280082A43B /* Assets.xcassets */,
				068FBF2F25EA96280082A43B /* LaunchScreen.storyboard */,
				068FBF3225EA96280082A43B /* Info.plist */,
			);
			path = WeatherForecast;
			sourceTree = "<group>";
		};
		068FBF3A25EA96290082A43B /* WeatherForecastTests */ = {
			isa = PBXGroup;
			children = (
				068FBF3B25EA96290082A43B /* WeatherForecastTests.swift */,
				068FBF3D25EA96290082A43B /* Info.plist */,
			);
			path = WeatherForecastTests;
			sourceTree = "<group>";
		};
		068FBF4525EA96290082A43B /* WeatherForecastUITests */ = {
			isa = PBXGroup;
			children = (
				068FBF4625EA96290082A43B /* WeatherForecastUITests.swift */,
				068FBF4825EA96290082A43B /* Info.plist */,
			);
			path = WeatherForecastUITests;
			sourceTree = "<group>";
		};
/* End PBXGroup section */

/* Begin PBXNativeTarget section */
		068FBF2025EA96260082A43B /* WeatherForecast */ = {
			isa = PBXNativeTarget;
			buildConfigurationList = 068FBF4B25EA96290082A43B /* Build configuration list for PBXNativeTarget "WeatherForecast" */;
			buildPhases = (
				068FBF1D25EA96260082A43B /* Sources */,
				068FBF1E25EA96260082A43B /* Frameworks */,
				068FBF1F25EA96260082A43B /* Resources */,
			);
			buildRules = (
			);
			dependencies = (
			);
			name = WeatherForecast;
			productName = WeatherForecast;
			productReference = 068FBF2125EA96260082A43B /* WeatherForecast.app */;
			productType = "com.apple.product-type.application";
		};
		068FBF3625EA96290082A43B /* WeatherForecastTests */ = {
			isa = PBXNativeTarget;
			buildConfigurationList = 068FBF4E25EA96290082A43B /* Build configuration list for PBXNativeTarget "WeatherForecastTests" */;
			buildPhases = (
				068FBF3325EA96290082A43B /* Sources */,
				068FBF3425EA96290082A43B /* Frameworks */,
				068FBF3525EA96290082A43B /* Resources */,
			);
			buildRules = (
			);
			dependencies = (
				068FBF3925EA96290082A43B /* PBXTargetDependency */,
			);
			name = WeatherForecastTests;
			productName = WeatherForecastTests;
			productReference = 068FBF3725EA96290082A43B /* WeatherForecastTests.xctest */;
			productType = "com.apple.product-type.bundle.unit-test";
		};
		068FBF4125EA96290082A43B /* WeatherForecastUITests */ = {
			isa = PBXNativeTarget;
			buildConfigurationList = 068FBF5125EA96290082A43B /* Build configuration list for PBXNativeTarget "WeatherForecastUITests" */;
			buildPhases = (
				068FBF3E25EA96290082A43B /* Sources */,
				068FBF3F25EA96290082A43B /* Frameworks */,
				068FBF4025EA96290082A43B /* Resources */,
			);
			buildRules = (
			);
			dependencies = (
				068FBF4425EA96290082A43B /* PBXTargetDependency */,
			);
			name = WeatherForecastUITests;
			productName = WeatherForecastUITests;
			productReference = 068FBF4225EA96290082A43B /* WeatherForecastUITests.xctest */;
			productType = "com.apple.product-type.bundle.ui-testing";
		};
/* End PBXNativeTarget section */

/* Begin PBXProject section */
		068FBF1925EA96260082A43B /* Project object */ = {
			isa = PBXProject;
			attributes = {
				LastSwiftUpdateCheck = 1240;
				LastUpgradeCheck = 1240;
				TargetAttributes = {
					068FBF2025EA96260082A43B = {
						CreatedOnToolsVersion = 12.4;
					};
					068FBF3625EA96290082A43B = {
						CreatedOnToolsVersion = 12.4;
						TestTargetID = 068FBF2025EA96260082A43B;
					};
					068FBF4125EA96290082A43B = {
						CreatedOnToolsVersion = 12.4;
						TestTargetID = 068FBF2025EA96260082A43B;
					};
				};
			};
			buildConfigurationList = 068FBF1C25EA96260082A43B /* Build configuration list for PBXProject "WeatherForecast" */;
			compatibilityVersion = "Xcode 9.3";
			developmentRegion = en;
			hasScannedForEncodings = 0;
			knownRegions = (
				en,
				Base,
			);
			mainGroup = 068FBF1825EA96260082A43B;
			productRefGroup = 068FBF2225EA96260082A43B /* Products */;
			projectDirPath = "";
			projectRoot = "";
			targets = (
				068FBF2025EA96260082A43B /* WeatherForecast */,
				068FBF3625EA96290082A43B /* WeatherForecastTests */,
				068FBF4125EA96290082A43B /* WeatherForecastUITests */,
			);
		};
/* End PBXProject section */

/* Begin PBXResourcesBuildPhase section */
		068FBF1F25EA96260082A43B /* Resources */ = {
			isa = PBXResourcesBuildPhase;
			buildActionMask = 2147483647;
			files = (
				068FBF3125EA96280082A43B /* LaunchScreen.storyboard in Resources */,
				068FBF2E25EA96280082A43B /* Assets.xcassets in Resources */,
				068FBF2C25EA96260082A43B /* Main.storyboard in Resources */,
			);
			runOnlyForDeploymentPostprocessing = 0;
		};
		068FBF3525EA96290082A43B /* Resources */ = {
			isa = PBXResourcesBuildPhase;
			buildActionMask = 2147483647;
			files = (
			);
			runOnlyForDeploymentPostprocessing = 0;
		};
		068FBF4025EA96290082A43B /* Resources */ = {
			isa = PBXResourcesBuildPhase;
			buildActionMask = 2147483647;
			files = (
			);
			runOnlyForDeploymentPostprocessing = 0;
		};
/* End PBXResourcesBuildPhase section */

/* Begin PBXSourcesBuildPhase section */
		068FBF1D25EA96260082A43B /* Sources */ = {
			isa = PBXSourcesBuildPhase;
			buildActionMask = 2147483647;
			files = (
				068FBF2925EA96260082A43B /* ViewController.swift in Sources */,
				068FBF2525EA96260082A43B /* AppDelegate.swift in Sources */,
				068FBF2725EA96260082A43B /* SceneDelegate.swift in Sources */,
			);
			runOnlyForDeploymentPostprocessing = 0;
		};
		068FBF3325EA96290082A43B /* Sources */ = {
			isa = PBXSourcesBuildPhase;
			buildActionMask = 2147483647;
			files = (
				068FBF3C25EA96290082A43B /* WeatherForecastTests.swift in Sources */,
			);
			runOnlyForDeploymentPostprocessing = 0;
		};
		068FBF3E25EA96290082A43B /* Sources */ = {
			isa = PBXSourcesBuildPhase;
			buildActionMask = 2147483647;
			files = (
				068FBF4725EA96290082A43B /* WeatherForecastUITests.swift in Sources */,
			);
			runOnlyForDeploymentPostprocessing = 0;
		};
/* End PBXSourcesBuildPhase section */

/* Begin PBXTargetDependency section */
		068FBF3925EA96290082A43B /* PBXTargetDependency */ = {
			isa = PBXTargetDependency;
			target = 068FBF2025EA96260082A43B /* WeatherForecast */;
			targetProxy = 068FBF3825EA96290082A43B /* PBXContainerItemProxy */;
		};
		068FBF4425EA96290082A43B /* PBXTargetDependency */ = {
			isa = PBXTargetDependency;
			target = 068FBF2025EA96260082A43B /* WeatherForecast */;
			targetProxy = 068FBF4325EA96290082A43B /* PBXContainerItemProxy */;
		};
/* End PBXTargetDependency section */

/* Begin PBXVariantGroup section */
		068FBF2A25EA96260082A43B /* Main.storyboard */ = {
			isa = PBXVariantGroup;
			children = (
				068FBF2B25EA96260082A43B /* Base */,
			);
			name = Main.storyboard;
			sourceTree = "<group>";
		};
		068FBF2F25EA96280082A43B /* LaunchScreen.storyboard */ = {
			isa = PBXVariantGroup;
			children = (
				068FBF3025EA96280082A43B /* Base */,
			);
			name = LaunchScreen.storyboard;
			sourceTree = "<group>";
		};
/* End PBXVariantGroup section */

/* Begin XCBuildConfiguration section */
		068FBF4925EA96290082A43B /* Debug */ = {
			isa = XCBuildConfiguration;
			buildSettings = {
				ALWAYS_SEARCH_USER_PATHS = NO;
				CLANG_ANALYZER_NONNULL = YES;
				CLANG_ANALYZER_NUMBER_OBJECT_CONVERSION = YES_AGGRESSIVE;
				CLANG_CXX_LANGUAGE_STANDARD = "gnu++14";
				CLANG_CXX_LIBRARY = "libc++";
				CLANG_ENABLE_MODULES = YES;
				CLANG_ENABLE_OBJC_ARC = YES;
				CLANG_ENABLE_OBJC_WEAK = YES;
				CLANG_WARN_BLOCK_CAPTURE_AUTORELEASING = YES;
				CLANG_WARN_BOOL_CONVERSION = YES;
				CLANG_WARN_COMMA = YES;
				CLANG_WARN_CONSTANT_CONVERSION = YES;
				CLANG_WARN_DEPRECATED_OBJC_IMPLEMENTATIONS = YES;
				CLANG_WARN_DIRECT_OBJC_ISA_USAGE = YES_ERROR;
				CLANG_WARN_DOCUMENTATION_COMMENTS = YES;
				CLANG_WARN_EMPTY_BODY = YES;
				CLANG_WARN_ENUM_CONVERSION = YES;
				CLANG_WARN_INFINITE_RECURSION = YES;
				CLANG_WARN_INT_CONVERSION = YES;
				CLANG_WARN_NON_LITERAL_NULL_CONVERSION = YES;
				CLANG_WARN_OBJC_IMPLICIT_RETAIN_SELF = YES;
				CLANG_WARN_OBJC_LITERAL_CONVERSION = YES;
				CLANG_WARN_OBJC_ROOT_CLASS = YES_ERROR;
				CLANG_WARN_QUOTED_INCLUDE_IN_FRAMEWORK_HEADER = YES;
				CLANG_WARN_RANGE_LOOP_ANALYSIS = YES;
				CLANG_WARN_STRICT_PROTOTYPES = YES;
				CLANG_WARN_SUSPICIOUS_MOVE = YES;
				CLANG_WARN_UNGUARDED_AVAILABILITY = YES_AGGRESSIVE;
				CLANG_WARN_UNREACHABLE_CODE = YES;
				CLANG_WARN__DUPLICATE_METHOD_MATCH = YES;
				COPY_PHASE_STRIP = NO;
				DEBUG_INFORMATION_FORMAT = dwarf;
				ENABLE_STRICT_OBJC_MSGSEND = YES;
				ENABLE_TESTABILITY = YES;
				GCC_C_LANGUAGE_STANDARD = gnu11;
				GCC_DYNAMIC_NO_PIC = NO;
				GCC_NO_COMMON_BLOCKS = YES;
				GCC_OPTIMIZATION_LEVEL = 0;
				GCC_PREPROCESSOR_DEFINITIONS = (
					"DEBUG=1",
					"$(inherited)",
				);
				GCC_WARN_64_TO_32_BIT_CONVERSION = YES;
				GCC_WARN_ABOUT_RETURN_TYPE = YES_ERROR;
				GCC_WARN_UNDECLARED_SELECTOR = YES;
				GCC_WARN_UNINITIALIZED_AUTOS = YES_AGGRESSIVE;
				GCC_WARN_UNUSED_FUNCTION = YES;
				GCC_WARN_UNUSED_VARIABLE = YES;
				IPHONEOS_DEPLOYMENT_TARGET = 14.4;
				MTL_ENABLE_DEBUG_INFO = INCLUDE_SOURCE;
				MTL_FAST_MATH = YES;
				ONLY_ACTIVE_ARCH = YES;
				SDKROOT = iphoneos;
				SWIFT_ACTIVE_COMPILATION_CONDITIONS = DEBUG;
				SWIFT_OPTIMIZATION_LEVEL = "-Onone";
			};
			name = Debug;
		};
		068FBF4A25EA96290082A43B /* Release */ = {
			isa = XCBuildConfiguration;
			buildSettings = {
				ALWAYS_SEARCH_USER_PATHS = NO;
				CLANG_ANALYZER_NONNULL = YES;
				CLANG_ANALYZER_NUMBER_OBJECT_CONVERSION = YES_AGGRESSIVE;
				CLANG_CXX_LANGUAGE_STANDARD = "gnu++14";
				CLANG_CXX_LIBRARY = "libc++";
				CLANG_ENABLE_MODULES = YES;
				CLANG_ENABLE_OBJC_ARC = YES;
				CLANG_ENABLE_OBJC_WEAK = YES;
				CLANG_WARN_BLOCK_CAPTURE_AUTORELEASING = YES;
				CLANG_WARN_BOOL_CONVERSION = YES;
				CLANG_WARN_COMMA = YES;
				CLANG_WARN_CONSTANT_CONVERSION = YES;
				CLANG_WARN_DEPRECATED_OBJC_IMPLEMENTATIONS = YES;
				CLANG_WARN_DIRECT_OBJC_ISA_USAGE = YES_ERROR;
				CLANG_WARN_DOCUMENTATION_COMMENTS = YES;
				CLANG_WARN_EMPTY_BODY = YES;
				CLANG_WARN_ENUM_CONVERSION = YES;
				CLANG_WARN_INFINITE_RECURSION = YES;
				CLANG_WARN_INT_CONVERSION = YES;
				CLANG_WARN_NON_LITERAL_NULL_CONVERSION = YES;
				CLANG_WARN_OBJC_IMPLICIT_RETAIN_SELF = YES;
				CLANG_WARN_OBJC_LITERAL_CONVERSION = YES;
				CLANG_WARN_OBJC_ROOT_CLASS = YES_ERROR;
				CLANG_WARN_QUOTED_INCLUDE_IN_FRAMEWORK_HEADER = YES;
				CLANG_WARN_RANGE_LOOP_ANALYSIS = YES;
				CLANG_WARN_STRICT_PROTOTYPES = YES;
				CLANG_WARN_SUSPICIOUS_MOVE = YES;
				CLANG_WARN_UNGUARDED_AVAILABILITY = YES_AGGRESSIVE;
				CLANG_WARN_UNREACHABLE_CODE = YES;
				CLANG_WARN__DUPLICATE_METHOD_MATCH = YES;
				COPY_PHASE_STRIP = NO;
				DEBUG_INFORMATION_FORMAT = "dwarf-with-dsym";
				ENABLE_NS_ASSERTIONS = NO;
				ENABLE_STRICT_OBJC_MSGSEND = YES;
				GCC_C_LANGUAGE_STANDARD = gnu11;
				GCC_NO_COMMON_BLOCKS = YES;
				GCC_WARN_64_TO_32_BIT_CONVERSION = YES;
				GCC_WARN_ABOUT_RETURN_TYPE = YES_ERROR;
				GCC_WARN_UNDECLARED_SELECTOR = YES;
				GCC_WARN_UNINITIALIZED_AUTOS = YES_AGGRESSIVE;
				GCC_WARN_UNUSED_FUNCTION = YES;
				GCC_WARN_UNUSED_VARIABLE = YES;
				IPHONEOS_DEPLOYMENT_TARGET = 14.4;
				MTL_ENABLE_DEBUG_INFO = NO;
				MTL_FAST_MATH = YES;
				SDKROOT = iphoneos;
				SWIFT_COMPILATION_MODE = wholemodule;
				SWIFT_OPTIMIZATION_LEVEL = "-O";
				VALIDATE_PRODUCT = YES;
			};
			name = Release;
		};
		068FBF4C25EA96290082A43B /* Debug */ = {
			isa = XCBuildConfiguration;
			buildSettings = {
				ASSETCATALOG_COMPILER_APPICON_NAME = AppIcon;
				ASSETCATALOG_COMPILER_GLOBAL_ACCENT_COLOR_NAME = AccentColor;
				CODE_SIGN_STYLE = Automatic;
				INFOPLIST_FILE = WeatherForecast/Info.plist;
				LD_RUNPATH_SEARCH_PATHS = (
					"$(inherited)",
					"@executable_path/Frameworks",
				);
				PRODUCT_BUNDLE_IDENTIFIER = minhnguyen.com.WeatherForecast;
				PRODUCT_NAME = "$(TARGET_NAME)";
				SWIFT_VERSION = 5.0;
				TARGETED_DEVICE_FAMILY = "1,2";
			};
			name = Debug;
		};
		068FBF4D25EA96290082A43B /* Release */ = {
			isa = XCBuildConfiguration;
			buildSettings = {
				ASSETCATALOG_COMPILER_APPICON_NAME = AppIcon;
				ASSETCATALOG_COMPILER_GLOBAL_ACCENT_COLOR_NAME = AccentColor;
				CODE_SIGN_STYLE = Automatic;
				INFOPLIST_FILE = WeatherForecast/Info.plist;
				LD_RUNPATH_SEARCH_PATHS = (
					"$(inherited)",
					"@executable_path/Frameworks",
				);
				PRODUCT_BUNDLE_IDENTIFIER = minhnguyen.com.WeatherForecast;
				PRODUCT_NAME = "$(TARGET_NAME)";
				SWIFT_VERSION = 5.0;
				TARGETED_DEVICE_FAMILY = "1,2";
			};
			name = Release;
		};
		068FBF4F25EA96290082A43B /* Debug */ = {
			isa = XCBuildConfiguration;
			buildSettings = {
				ALWAYS_EMBED_SWIFT_STANDARD_LIBRARIES = YES;
				BUNDLE_LOADER = "$(TEST_HOST)";
				CODE_SIGN_STYLE = Automatic;
				INFOPLIST_FILE = WeatherForecastTests/Info.plist;
				IPHONEOS_DEPLOYMENT_TARGET = 14.4;
				LD_RUNPATH_SEARCH_PATHS = (
					"$(inherited)",
					"@executable_path/Frameworks",
					"@loader_path/Frameworks",
				);
				PRODUCT_BUNDLE_IDENTIFIER = minhnguyen.com.WeatherForecastTests;
				PRODUCT_NAME = "$(TARGET_NAME)";
				SWIFT_VERSION = 5.0;
				TARGETED_DEVICE_FAMILY = "1,2";
				TEST_HOST = "$(BUILT_PRODUCTS_DIR)/WeatherForecast.app/WeatherForecast";
			};
			name = Debug;
		};
		068FBF5025EA96290082A43B /* Release */ = {
			isa = XCBuildConfiguration;
			buildSettings = {
				ALWAYS_EMBED_SWIFT_STANDARD_LIBRARIES = YES;
				BUNDLE_LOADER = "$(TEST_HOST)";
				CODE_SIGN_STYLE = Automatic;
				INFOPLIST_FILE = WeatherForecastTests/Info.plist;
				IPHONEOS_DEPLOYMENT_TARGET = 14.4;
				LD_RUNPATH_SEARCH_PATHS = (
					"$(inherited)",
					"@executable_path/Frameworks",
					"@loader_path/Frameworks",
				);
				PRODUCT_BUNDLE_IDENTIFIER = minhnguyen.com.WeatherForecastTests;
				PRODUCT_NAME = "$(TARGET_NAME)";
				SWIFT_VERSION = 5.0;
				TARGETED_DEVICE_FAMILY = "1,2";
				TEST_HOST = "$(BUILT_PRODUCTS_DIR)/WeatherForecast.app/WeatherForecast";
			};
			name = Release;
		};
		068FBF5225EA96290082A43B /* Debug */ = {
			isa = XCBuildConfiguration;
			buildSettings = {
				ALWAYS_EMBED_SWIFT_STANDARD_LIBRARIES = YES;
				CODE_SIGN_STYLE = Automatic;
				INFOPLIST_FILE = WeatherForecastUITests/Info.plist;
				LD_RUNPATH_SEARCH_PATHS = (
					"$(inherited)",
					"@executable_path/Frameworks",
					"@loader_path/Frameworks",
				);
				PRODUCT_BUNDLE_IDENTIFIER = minhnguyen.com.WeatherForecastUITests;
				PRODUCT_NAME = "$(TARGET_NAME)";
				SWIFT_VERSION = 5.0;
				TARGETED_DEVICE_FAMILY = "1,2";
				TEST_TARGET_NAME = WeatherForecast;
			};
			name = Debug;
		};
		068FBF5325EA96290082A43B /* Release */ = {
			isa = XCBuildConfiguration;
			buildSettings = {
				ALWAYS_EMBED_SWIFT_STANDARD_LIBRARIES = YES;
				CODE_SIGN_STYLE = Automatic;
				INFOPLIST_FILE = WeatherForecastUITests/Info.plist;
				LD_RUNPATH_SEARCH_PATHS = (
					"$(inherited)",
					"@executable_path/Frameworks",
					"@loader_path/Frameworks",
				);
				PRODUCT_BUNDLE_IDENTIFIER = minhnguyen.com.WeatherForecastUITests;
				PRODUCT_NAME = "$(TARGET_NAME)";
				SWIFT_VERSION = 5.0;
				TARGETED_DEVICE_FAMILY = "1,2";
				TEST_TARGET_NAME = WeatherForecast;
			};
			name = Release;
		};
/* End XCBuildConfiguration section */

/* Begin XCConfigurationList section */
		068FBF1C25EA96260082A43B /* Build configuration list for PBXProject "WeatherForecast" */ = {
			isa = XCConfigurationList;
			buildConfigurations = (
				068FBF4925EA96290082A43B /* Debug */,
				068FBF4A25EA96290082A43B /* Release */,
			);
			defaultConfigurationIsVisible = 0;
			defaultConfigurationName = Release;
		};
		068FBF4B25EA96290082A43B /* Build configuration list for PBXNativeTarget "WeatherForecast" */ = {
			isa = XCConfigurationList;
			buildConfigurations = (
				068FBF4C25EA96290082A43B /* Debug */,
				068FBF4D25EA96290082A43B /* Release */,
			);
			defaultConfigurationIsVisible = 0;
			defaultConfigurationName = Release;
		};
		068FBF4E25EA96290082A43B /* Build configuration list for PBXNativeTarget "WeatherForecastTests" */ = {
			isa = XCConfigurationList;
			buildConfigurations = (
				068FBF4F25EA96290082A43B /* Debug */,
				068FBF5025EA96290082A43B /* Release */,
			);
			defaultConfigurationIsVisible = 0;
			defaultConfigurationName = Release;
		};
		068FBF5125EA96290082A43B /* Build configuration list for PBXNativeTarget "WeatherForecastUITests" */ = {
			isa = XCConfigurationList;
			buildConfigurations = (
				068FBF5225EA96290082A43B /* Debug */,
				068FBF5325EA96290082A43B /* Release */,
			);
			defaultConfigurationIsVisible = 0;
			defaultConfigurationName = Release;
		};
/* End XCConfigurationList section */
	};
	rootObject = 068FBF1925EA96260082A43B /* Project object */;
}
